#MicroXplorer Configuration settings - do not modify
ADC1.Channel-0\#ChannelRegularConversion=ADC_CHANNEL_3
ADC1.ClockPrescaler=ADC_CLOCK_ASYNC_DIV16
ADC1.CommonPathInternal=null|null|null|null
ADC1.DiscontinuousConvMode=DISABLE
ADC1.EnableRegularConversion=ENABLE
ADC1.IPParameters=NbrOfConversion,Resolution,DiscontinuousConvMode,EnableRegularConversion,Rank-0\#ChannelRegularConversion,Channel-0\#ChannelRegularConversion,SamplingTime-0\#ChannelRegularConversion,OffsetNumber-0\#ChannelRegularConversion,MonitoredBy-0\#ChannelRegularConversion,NbrOfConversionFlag,ClockPrescaler,master,CommonPathInternal
ADC1.MonitoredBy-0\#ChannelRegularConversion=__NULL
ADC1.NbrOfConversion=1
ADC1.NbrOfConversionFlag=1
ADC1.OffsetNumber-0\#ChannelRegularConversion=ADC_OFFSET_NONE
ADC1.Rank-0\#ChannelRegularConversion=1
ADC1.Resolution=ADC_RESOLUTION_14B
ADC1.SamplingTime-0\#ChannelRegularConversion=ADC_SAMPLETIME_5CYCLE
ADC1.master=1
CAD.formats=
CAD.pinconfig=
CAD.provider=
CORTEX_M33_NS.userName=CORTEX_M33
DCMI.HSPolarity=DCMI_HSPOLARITY_HIGH
DCMI.IPParameters=JPEGMode,PCKPolarity,VSPolarity,HSPolarity
DCMI.JPEGMode=DCMI_JPEG_DISABLE
DCMI.PCKPolarity=DCMI_PCKPOLARITY_RISING
DCMI.VSPolarity=DCMI_VSPOLARITY_HIGH
File.Version=6
GPDMA1.IPParameters=LINKEDLISTMODE_GPDMACH12,LINKALLOCATEDPORT_GPDMACH12
GPDMA1.LINKALLOCATEDPORT_GPDMACH12=DMA_LINK_ALLOCATED_PORT1
GPDMA1.LINKEDLISTMODE_GPDMACH12=DMA_LINKEDLIST_CIRCULAR
GPIO.groupedBy=Group By Peripherals
I2C1.IPParameters=Timing
I2C1.Timing=0x30909DEC
KeepUserPlacement=false
LPTIM1.ClockPrescaler=LPTIM_PRESCALER_DIV4
LPTIM1.IPParameters=ClockPrescaler
LPUART1.BaudRate=115200
LPUART1.IPParameters=BaudRate
MMTAppRegionsCount=0
MMTConfigApplied=false
Mcu.CPN=STM32U585VIT6Q
Mcu.ContextProject=TrustZoneDisabled
Mcu.Family=STM32U5
Mcu.IP0=ADC1
Mcu.IP1=CORTEX_M33_NS
Mcu.IP10=LPUART1
Mcu.IP11=MEMORYMAP
Mcu.IP12=NVIC
Mcu.IP13=OCTOSPI1
Mcu.IP14=PWR
Mcu.IP15=RCC
Mcu.IP16=RNG
Mcu.IP17=RTC
Mcu.IP18=SDMMC2
Mcu.IP19=SPI3
Mcu.IP2=DCMI
Mcu.IP20=SYS
Mcu.IP21=TIM4
Mcu.IP3=DEBUG
Mcu.IP4=GPDMA1
Mcu.IP5=I2C1
Mcu.IP6=ICACHE
Mcu.IP7=LPBAM
Mcu.IP8=LPBAMQUEUE
Mcu.IP9=LPTIM1
Mcu.IPNb=22
Mcu.Name=STM32U585VITxQ
Mcu.Package=LQFP100
Mcu.Pin0=PE2
Mcu.Pin1=PE3
Mcu.Pin10=PC2
Mcu.Pin11=PC3
Mcu.Pin12=PA0
Mcu.Pin13=PA1
Mcu.Pin14=PA2
Mcu.Pin15=PA3
Mcu.Pin16=PA6
Mcu.Pin17=PA7
Mcu.Pin18=PB0
Mcu.Pin19=PB1
Mcu.Pin2=PE4
Mcu.Pin20=PE7
Mcu.Pin21=PE8
Mcu.Pin22=PE11
Mcu.Pin23=PB14
Mcu.Pin24=PB15
Mcu.Pin25=PD8
Mcu.Pin26=PD9
Mcu.Pin27=PD11
Mcu.Pin28=PD12
Mcu.Pin29=PD13
Mcu.Pin3=PE5
Mcu.Pin30=PD14
Mcu.Pin31=PD15
Mcu.Pin32=PC6
Mcu.Pin33=PC7
Mcu.Pin34=PC8
Mcu.Pin35=PC9
Mcu.Pin36=PA8
Mcu.Pin37=PA9
Mcu.Pin38=PA10
Mcu.Pin39=PA11
Mcu.Pin4=PE6
Mcu.Pin40=PA13 (JTMS/SWDIO)
Mcu.Pin41=PA14 (JTCK/SWCLK)
Mcu.Pin42=PA15 (JTDI)
Mcu.Pin43=PC10
Mcu.Pin44=PC11
Mcu.Pin45=PC12
Mcu.Pin46=PD0
Mcu.Pin47=PD1
Mcu.Pin48=PD2
Mcu.Pin49=PD3
Mcu.Pin5=PC13
Mcu.Pin50=PD4
Mcu.Pin51=PD5
Mcu.Pin52=PD6
Mcu.Pin53=PD7
Mcu.Pin54=PB3 (JTDO/TRACESWO)
Mcu.Pin55=PB4 (NJTRST)
Mcu.Pin56=PB5
Mcu.Pin57=PB6
Mcu.Pin58=PB7
Mcu.Pin59=PB8
Mcu.Pin6=PC14-OSC32_IN (PC14)
Mcu.Pin60=PB9
Mcu.Pin61=PE0
Mcu.Pin62=VP_GPDMA1_VS_GPDMACH12
Mcu.Pin63=VP_ICACHE_VS_ICACHE
Mcu.Pin64=VP_LPBAMQUEUE_VS_QUEUE
Mcu.Pin65=VP_LPTIM1_VS_LPTIM_counterModeInternalClock
Mcu.Pin66=VP_OCTOSPI1_VS_quad
Mcu.Pin67=VP_PWR_VS_DBSignals
Mcu.Pin68=VP_PWR_VS_SECSignals
Mcu.Pin69=VP_PWR_VS_LPOM
Mcu.Pin7=PC15-OSC32_OUT (PC15)
Mcu.Pin70=VP_PWR_Vdda
Mcu.Pin71=VP_RNG_VS_RNG
Mcu.Pin72=VP_RTC_VS_RTC_Activate
Mcu.Pin73=VP_SYS_VS_tim1
Mcu.Pin74=VP_LPBAM_VS_SIG1
Mcu.Pin75=VP_LPBAM_VS_SIG4
Mcu.Pin76=VP_MEMORYMAP_VS_MEMORYMAP
Mcu.Pin77=VP_STMicroelectronics.X-CUBE-FREERTOS_VS_CMSISJjRTOS2_10.5.1_1.2.0
Mcu.Pin78=VP_MorseMicro.MM_IoT_VS_MMIiIoTJjExample_2.6.4_1.5.0
Mcu.Pin79=VP_MorseMicro.MM_IoT_VS_MMIiIoTJjMMIiIoT_2.6.4_1.5.0
Mcu.Pin8=PC0
Mcu.Pin80=VP_STMicroelectronics.X-CUBE-BLE2_VS_WirelessJjBlueNRGAa2_3.3.0
Mcu.Pin9=PC1
Mcu.PinsNb=81
Mcu.ThirdParty0=MorseMicro.MM_IoT.1.5.0
Mcu.ThirdParty1=STMicroelectronics.X-CUBE-BLE2.3.3.0
Mcu.ThirdParty2=STMicroelectronics.X-CUBE-FREERTOS.1.2.0
Mcu.ThirdPartyNb=3
Mcu.UserConstants=
Mcu.UserName=STM32U585VITxQ
MorseMicro.MM_IoT.1.5.0.IPParameters=MMIiIoTCcMMIiIoTJjmorselib,MMIiIoTCcMMIiIoTJjmmconfig,MMIiIoTCcMMIiIoTJjmmIiappIicommon,MMIiIoTCcMMIiIoTJjmmipal,MMIiIoTCcMMIiIoTJjmmutils,MMIiIoTCcMMIiIoTJjmmLwIP,MMIiIoTCcMMIiIoTJjmmping,MMIiIoTCcMMIiIoTJjBSPAaEKH05JjBSP,MMIiIoTCcMMIiIoTJjBSPAaEKH05JjSHT4x,MMIiIoTCcMMIiIoTJjBSPAaEKH05JjW25Q16JV,MMIiIoTCcMMIiIoTJjBSPAaEKH05JjIIS328DQ,MMIiIoTCcMMIiIoTJjBSPAaEKH05JjOV5640,MMIiIoTJjExample,MMIiIoTCcMMIiIoTJjmmpktmem,MMIiIoTCcMMIiIoTJjBSPAaEKH05JjMM6108
MorseMicro.MM_IoT.1.5.0.MMIiIoTCcMMIiIoTJjBSPAaEKH05JjBSP=true
MorseMicro.MM_IoT.1.5.0.MMIiIoTCcMMIiIoTJjBSPAaEKH05JjIIS328DQ=true
MorseMicro.MM_IoT.1.5.0.MMIiIoTCcMMIiIoTJjBSPAaEKH05JjMM6108=SDIO
MorseMicro.MM_IoT.1.5.0.MMIiIoTCcMMIiIoTJjBSPAaEKH05JjOV5640=true
MorseMicro.MM_IoT.1.5.0.MMIiIoTCcMMIiIoTJjBSPAaEKH05JjSHT4x=true
MorseMicro.MM_IoT.1.5.0.MMIiIoTCcMMIiIoTJjBSPAaEKH05JjW25Q16JV=true
MorseMicro.MM_IoT.1.5.0.MMIiIoTCcMMIiIoTJjmmIiappIicommon=true
MorseMicro.MM_IoT.1.5.0.MMIiIoTCcMMIiIoTJjmmLwIP=true
MorseMicro.MM_IoT.1.5.0.MMIiIoTCcMMIiIoTJjmmconfig=true
MorseMicro.MM_IoT.1.5.0.MMIiIoTCcMMIiIoTJjmmipal=true
MorseMicro.MM_IoT.1.5.0.MMIiIoTCcMMIiIoTJjmmping=true
MorseMicro.MM_IoT.1.5.0.MMIiIoTCcMMIiIoTJjmmpktmem=static
MorseMicro.MM_IoT.1.5.0.MMIiIoTCcMMIiIoTJjmmutils=true
MorseMicro.MM_IoT.1.5.0.MMIiIoTCcMMIiIoTJjmorselib=true
MorseMicro.MM_IoT.1.5.0.MMIiIoTJjExample=EKH05AaDemo
MorseMicro.MM_IoT.1.5.0.MMIiIoTJjExample_Checked=true
MorseMicro.MM_IoT.1.5.0.MMIiIoTJjMMIiIoT_Checked=true
MorseMicro.MM_IoT.1.5.0_SwParameter=MMIiIoTCcMMIiIoTJjmmipal\:true;MMIiIoTCcMMIiIoTJjmmpktmem\:static;MMIiIoTCcMMIiIoTJjmmconfig\:true;MMIiIoTCcMMIiIoTJjmmping\:true;MMIiIoTCcMMIiIoTJjmmIiappIicommon\:true;MMIiIoTCcMMIiIoTJjBSPAaEKH05JjSHT4x\:true;MMIiIoTCcMMIiIoTJjBSPAaEKH05JjW25Q16JV\:true;MMIiIoTCcMMIiIoTJjBSPAaEKH05JjIIS328DQ\:true;MMIiIoTCcMMIiIoTJjmmLwIP\:true;MMIiIoTCcMMIiIoTJjBSPAaEKH05JjOV5640\:true;MMIiIoTCcMMIiIoTJjmmutils\:true;MMIiIoTCcMMIiIoTJjBSPAaEKH05JjBSP\:true;MMIiIoTCcMMIiIoTJjBSPAaEKH05JjMM6108\:SDIO;MMIiIoTJjExample\:EKH05AaDemo;MMIiIoTCcMMIiIoTJjmorselib\:true;
MxCube.Version=6.11.0
MxDb.Version=DB.6.0.110
NVIC.BusFault_IRQn=true\:0\:0\:false\:false\:true\:false\:false\:false\:false
NVIC.DCMI_PSSI_IRQn=true\:5\:0\:false\:false\:true\:true\:true\:true\:true
NVIC.DebugMonitor_IRQn=true\:0\:0\:false\:false\:true\:false\:false\:false\:false
NVIC.EXTI1_IRQn=true\:5\:0\:true\:false\:true\:true\:true\:true\:true
NVIC.EXTI5_IRQn=true\:15\:0\:true\:false\:false\:true\:true\:true\:false
NVIC.ForceEnableDMAVector=false
NVIC.GPDMA1_Channel12_IRQn=true\:5\:0\:false\:false\:true\:true\:true\:true\:true
NVIC.HardFault_IRQn=true\:0\:0\:false\:false\:true\:false\:false\:false\:false
NVIC.LPTIM1_IRQn=true\:5\:0\:false\:false\:false\:true\:true\:true\:true
NVIC.LPUART1_IRQn=true\:15\:0\:true\:false\:false\:true\:true\:true\:true
NVIC.MemoryManagement_IRQn=true\:0\:0\:false\:false\:true\:false\:false\:false\:false
NVIC.NonMaskableInt_IRQn=true\:0\:0\:false\:false\:true\:false\:false\:false\:false
NVIC.PendSV_IRQn=true\:15\:0\:false\:false\:false\:true\:false\:false\:false
NVIC.PriorityGroup=NVIC_PRIORITYGROUP_4
NVIC.SVCall_IRQn=true\:0\:0\:false\:false\:false\:false\:false\:false\:false
NVIC.SavedPendsvIrqHandlerGenerated=false
NVIC.SavedSvcallIrqHandlerGenerated=false
NVIC.SavedSystickIrqHandlerGenerated=false
NVIC.SysTick_IRQn=true\:15\:0\:true\:false\:false\:true\:false\:true\:false
NVIC.TIM1_UP_IRQn=true\:15\:0\:true\:false\:true\:false\:false\:true\:true
NVIC.TimeBase=TIM1_UP_IRQn
NVIC.TimeBaseIP=TIM1
NVIC.UsageFault_IRQn=true\:0\:0\:false\:false\:true\:false\:false\:false\:false
OCTOSPI1.ClockPrescaler=2
OCTOSPI1.DeviceSize=24
OCTOSPI1.DeviceType=SPI_DEVICE_FLASH
OCTOSPI1.IPParameters=DeviceSize,DeviceType,ClockPrescaler
PA0.Locked=true
PA0.Signal=GPXTI0
PA1.GPIOParameters=GPIO_Label
PA1.GPIO_Label=BRNG_SPI_IRQ
PA1.Locked=true
PA1.Signal=GPXTI1
PA10.GPIOParameters=GPIO_Label
PA10.GPIO_Label=MM_DEBUG_0
PA10.Locked=true
PA10.Signal=GPIO_Output
PA11.GPIOParameters=GPIO_Label
PA11.GPIO_Label=SPARE_GPIO_PA11
PA11.Locked=true
PA11.Signal=GPIO_Output
PA13\ (JTMS/SWDIO).Mode=Serial_Wire
PA13\ (JTMS/SWDIO).Signal=DEBUG_JTMS-SWDIO
PA14\ (JTCK/SWCLK).Mode=Serial_Wire
PA14\ (JTCK/SWCLK).Signal=DEBUG_JTCK-SWCLK
PA15\ (JTDI).GPIOParameters=GPIO_Label
PA15\ (JTDI).GPIO_Label=BRNG_CS
PA15\ (JTDI).Locked=true
PA15\ (JTDI).Signal=GPIO_Output
PA2.Locked=true
PA2.Mode=OCTOSPI1_Port1_NCS
PA2.Signal=OCTOSPIM_P1_NCS
PA3.Locked=true
PA3.Mode=O1_P1_CLK
PA3.Signal=OCTOSPIM_P1_CLK
PA6.Locked=true
PA6.Mode=OCTOSPI1_IOL_Port1L
PA6.Signal=OCTOSPIM_P1_IO3
PA7.Locked=true
PA7.Mode=OCTOSPI1_IOL_Port1L
PA7.Signal=OCTOSPIM_P1_IO2
PA8.GPIOParameters=GPIO_Label
PA8.GPIO_Label=CAMERA_XCLK
PA8.Locked=true
PA8.Mode=Clock-out
PA8.Signal=RCC_MCO
PA9.GPIOParameters=GPIO_Label
PA9.GPIO_Label=MM_DEBUG_1
PA9.Locked=true
PA9.Signal=GPIO_Output
PB0.Locked=true
PB0.Mode=OCTOSPI1_IOL_Port1L
PB0.Signal=OCTOSPIM_P1_IO1
PB1.Locked=true
PB1.Mode=OCTOSPI1_IOL_Port1L
PB1.Signal=OCTOSPIM_P1_IO0
PB14.Locked=true
PB14.Mode=SD_4_bits_Wide_bus
PB14.Signal=SDMMC2_D0
PB15.Locked=true
PB15.Mode=SD_4_bits_Wide_bus
PB15.Signal=SDMMC2_D1
PB3\ (JTDO/TRACESWO).Locked=true
PB3\ (JTDO/TRACESWO).Mode=SD_4_bits_Wide_bus
PB3\ (JTDO/TRACESWO).Signal=SDMMC2_D2
PB4\ (NJTRST).Locked=true
PB4\ (NJTRST).Mode=SD_4_bits_Wide_bus
PB4\ (NJTRST).Signal=SDMMC2_D3
PB5.GPIOParameters=GPIO_PuPd,GPIO_Label,GPIO_ModeDefaultEXTI
PB5.GPIO_Label=BUSY
PB5.GPIO_ModeDefaultEXTI=GPIO_MODE_IT_RISING
PB5.GPIO_PuPd=GPIO_PULLDOWN
PB5.Locked=true
PB5.Signal=GPXTI5
PB6.Mode=Slave_8_bits_External_Synchro
PB6.Signal=DCMI_D5
PB7.Mode=Slave_8_bits_External_Synchro
PB7.Signal=DCMI_VSYNC
PB8.GPIOParameters=GPIO_Pu
PB8.GPIO_Pu=GPIO_PULLUP
PB8.Locked=true
PB8.Mode=I2C
PB8.Signal=I2C1_SCL
PB9.GPIOParameters=GPIO_Pu
PB9.GPIO_Pu=GPIO_PULLUP
PB9.Locked=true
PB9.Mode=I2C
PB9.Signal=I2C1_SDA
PC0.GPIOParameters=GPIO_Speed,GPIO_Label
PC0.GPIO_Label=LOG_USART_RX
PC0.GPIO_Speed=GPIO_SPEED_FREQ_VERY_HIGH
PC0.Mode=Asynchronous
PC0.Signal=LPUART1_RX
PC1.GPIOParameters=GPIO_Speed,GPIO_Label
PC1.GPIO_Label=LOG_USART_TX
PC1.GPIO_Speed=GPIO_SPEED_FREQ_VERY_HIGH
PC1.Mode=Asynchronous
PC1.Signal=LPUART1_TX
PC10.Mode=Full_Duplex_Master
PC10.Signal=SPI3_SCK
PC11.Mode=Full_Duplex_Master
PC11.Signal=SPI3_MISO
PC12.Mode=Full_Duplex_Master
PC12.Signal=SPI3_MOSI
PC13.GPIOParameters=GPIO_Label
PC13.GPIO_Label=SPARE_GPIO_PC13
PC13.Locked=true
PC13.Signal=GPIO_Output
PC14-OSC32_IN\ (PC14).Mode=LSE-External-Oscillator
PC14-OSC32_IN\ (PC14).Signal=RCC_OSC32_IN
PC15-OSC32_OUT\ (PC15).Mode=LSE-External-Oscillator
PC15-OSC32_OUT\ (PC15).Signal=RCC_OSC32_OUT
PC2.GPIOParameters=GPIO_Label
PC2.GPIO_Label=ADC_VFEM
PC2.Locked=true
PC2.Mode=IN3-Single-Ended
PC2.Signal=ADC1_IN3
PC3.GPIOParameters=GPIO_PuPd,GPIO_Label
PC3.GPIO_Label=USER_BUTTON
PC3.GPIO_PuPd=GPIO_PULLUP
PC3.Locked=true
PC3.Signal=GPIO_Input
PC6.Mode=Slave_8_bits_External_Synchro
PC6.Signal=DCMI_D0
PC7.Mode=Slave_8_bits_External_Synchro
PC7.Signal=DCMI_D1
PC8.Mode=Slave_8_bits_External_Synchro
PC8.Signal=DCMI_D2
PC9.Mode=Slave_8_bits_External_Synchro
PC9.Signal=DCMI_D3
PD0.GPIOParameters=GPIO_Label
PD0.GPIO_Label=WAKE
PD0.Locked=true
PD0.Signal=GPIO_Output
PD1.GPIOParameters=GPIO_Speed,GPIO_Label
PD1.GPIO_Label=SPI_SCK
PD1.GPIO_Speed=GPIO_SPEED_FREQ_VERY_HIGH
PD1.Locked=true
PD1.Signal=SPI2_SCK
PD11.GPIOParameters=GPIO_Label
PD11.GPIO_Label=SPARE_GPIO_PD11
PD11.Locked=true
PD11.Signal=GPIO_Output
PD12.GPIOParameters=GPIO_Label
PD12.GPIO_Label=RGB_LED_R
PD12.Locked=true
PD12.Signal=S_TIM4_CH1
PD13.GPIOParameters=GPIO_Label
PD13.GPIO_Label=RGB_LED_G
PD13.Locked=true
PD13.Signal=S_TIM4_CH2
PD14.GPIOParameters=GPIO_Label
PD14.GPIO_Label=RGB_LED_B
PD14.Locked=true
PD14.Signal=S_TIM4_CH3
PD15.GPIOParameters=GPIO_Label
PD15.GPIO_Label=SPARE_GPIO_PD15
PD15.Locked=true
PD15.Signal=GPIO_Output
PD2.GPIOParameters=GPIO_Label
PD2.GPIO_Label=BRNG_NRST
PD2.Locked=true
PD2.Signal=GPIO_Output
PD3.GPIOParameters=GPIO_Speed,GPIO_Label
PD3.GPIO_Label=SPI_MISO
PD3.GPIO_Speed=GPIO_SPEED_FREQ_VERY_HIGH
PD3.Locked=true
PD3.Signal=SPI2_MISO
PD4.GPIOParameters=GPIO_Speed,GPIO_Label
PD4.GPIO_Label=SPI_MOSI
PD4.GPIO_Speed=GPIO_SPEED_FREQ_VERY_HIGH
PD4.Locked=true
PD4.Signal=SPI2_MOSI
PD5.GPIOParameters=GPIO_PuPd,GPIO_Label,GPIO_ModeDefaultOutputPP
PD5.GPIO_Label=VFEM_SHUNT_TOGGLE
PD5.GPIO_ModeDefaultOutputPP=GPIO_MODE_OUTPUT_OD
PD5.GPIO_PuPd=GPIO_NOPULL
PD5.Locked=true
PD5.Signal=GPIO_Output
PD6.Locked=true
PD6.Mode=SD_4_bits_Wide_bus
PD6.Signal=SDMMC2_CK
PD7.Locked=true
PD7.Mode=SD_4_bits_Wide_bus
PD7.Signal=SDMMC2_CMD
PD8.Locked=true
PD8.Mode=Slave_8_bits_External_Synchro
PD8.Signal=DCMI_HSYNC
PD9.Locked=true
PD9.Mode=Slave_8_bits_External_Synchro
PD9.Signal=DCMI_PIXCLK
PE0.GPIOParameters=GPIO_Label
PE0.GPIO_Label=RESET_N
PE0.Locked=true
PE0.Signal=GPIO_Output
PE11.GPIOParameters=GPIO_Label
PE11.GPIO_Label=GPIO_LED_RED
PE11.Locked=true
PE11.Signal=GPIO_Output
PE2.GPIOParameters=GPIO_Label
PE2.GPIO_Label=CAM_RESET
PE2.Locked=true
PE2.Signal=GPIO_Output
PE3.GPIOParameters=PinState,GPIO_Label
PE3.GPIO_Label=CAM_PWDN
PE3.Locked=true
PE3.PinState=GPIO_PIN_SET
PE3.Signal=LPGPIO_Output
PE4.Mode=Slave_8_bits_External_Synchro
PE4.Signal=DCMI_D4
PE5.Mode=Slave_8_bits_External_Synchro
PE5.Signal=DCMI_D6
PE6.Mode=Slave_8_bits_External_Synchro
PE6.Signal=DCMI_D7
PE7.GPIOParameters=GPIO_Label
PE7.GPIO_Label=GPIO_LED_GREEN
PE7.Locked=true
PE7.Signal=GPIO_Output
PE8.GPIOParameters=GPIO_Label
PE8.GPIO_Label=GPIO_LED_BLUE
PE8.Locked=true
PE8.Signal=GPIO_Output
PWR.IPParameters=PowerMode
PWR.PowerMode=PWR_SMPS_SUPPLY
PinOutPanel.RotationAngle=0
ProjectManager.AskForMigrate=true
ProjectManager.BackupPrevious=false
ProjectManager.CompilerOptimize=6
ProjectManager.ComputerToolchain=false
ProjectManager.CoupleFile=false
ProjectManager.CustomerFirmwarePackage=
ProjectManager.DefaultFWLocation=true
ProjectManager.DeletePrevious=true
ProjectManager.DeviceId=STM32U585VITxQ
ProjectManager.FirmwarePackage=STM32Cube FW_U5 V1.5.0
ProjectManager.FreePins=false
ProjectManager.HalAssertFull=false
ProjectManager.HeapSize=0x200
ProjectManager.KeepUserCode=true
ProjectManager.LPBAM.generateCode=
ProjectManager.LastFirmware=true
ProjectManager.LibraryCopy=1
ProjectManager.MainLocation=Core/Src
ProjectManager.NoMain=false
ProjectManager.PreviousToolchain=STM32CubeIDE
ProjectManager.ProjectBuild=false
ProjectManager.ProjectFileName=HaLow_example_sdio.ioc
ProjectManager.ProjectName=HaLow_example_sdio
ProjectManager.ProjectStructure=
ProjectManager.RegisterCallBack=
ProjectManager.StackSize=0x400
ProjectManager.TargetToolchain=STM32CubeIDE
ProjectManager.ToolChainLocation=
ProjectManager.UAScriptAfterPath=
ProjectManager.UAScriptBeforePath=
ProjectManager.UnderRoot=true
ProjectManager.functionlistsort=1-SystemClock_Config-RCC-false-HAL-false,2-MX_GPIO_Init-GPIO-false-LL-true,3-MX_GPDMA1_Init-GPDMA1-false-LL-true,4-MX_ICACHE_Init-ICACHE-false-HAL-true,5-MX_LPTIM1_Init-LPTIM1-false-LL-true,6-MX_LPUART1_UART_Init-LPUART1-false-LL-true,7-MX_RNG_Init-RNG-false-HAL-true,8-MX_RTC_Init-RTC-false-LL-true,9-MX_TIM4_Init-TIM4-true-HAL-false,10-MX_I2C1_Init-I2C1-true-HAL-false,11-MX_DCMI_Init-DCMI-true-HAL-false,12-MX_ADC1_Init-ADC1-false-HAL-true,13-MX_OCTOSPI1_Init-OCTOSPI1-true-HAL-false,14-MX_SDMMC2_SD_Init-SDMMC2-true-HAL-false,0-MX_CORTEX_M33_NS_Init-CORTEX_M33_NS-false-HAL-true,0-MX_PWR_Init-PWR-false-HAL-true
RCC.ADCCLockSelection=RCC_ADCDACCLKSOURCE_SYSCLK
RCC.ADCFreq_Value=160000000
RCC.ADF1Freq_Value=160000000
RCC.AHBFreq_Value=160000000
RCC.APB1Freq_Value=160000000
RCC.APB1TimFreq_Value=160000000
RCC.APB2Freq_Value=160000000
RCC.APB2TimFreq_Value=160000000
RCC.APB3Freq_Value=160000000
RCC.CK48Freq_Value=48000000
RCC.CRSFreq_Value=48000000
RCC.CortexFreq_Value=160000000
RCC.DACFreq_Value=32000
RCC.EPOD_VALUE=4000000
RCC.FCLKCortexFreq_Value=160000000
RCC.FDCANFreq_Value=160000000
RCC.FamilyName=M
RCC.HCLKFreq_Value=160000000
RCC.HSE_VALUE=16000000
RCC.HSI48_VALUE=48000000
RCC.HSI_VALUE=16000000
RCC.I2C1Freq_Value=160000000
RCC.I2C2Freq_Value=160000000
RCC.I2C3Freq_Value=160000000
RCC.I2C4Freq_Value=160000000
RCC.IPParameters=ADCCLockSelection,ADCFreq_Value,ADF1Freq_Value,AHBFreq_Value,APB1Freq_Value,APB1TimFreq_Value,APB2Freq_Value,APB2TimFreq_Value,APB3Freq_Value,CK48Freq_Value,CRSFreq_Value,CortexFreq_Value,DACFreq_Value,EPOD_VALUE,FCLKCortexFreq_Value,FDCANFreq_Value,FamilyName,HCLKFreq_Value,HSE_VALUE,HSI48_VALUE,HSI_VALUE,I2C1Freq_Value,I2C2Freq_Value,I2C3Freq_Value,I2C4Freq_Value,LPTIM1CLockSelectionVirtual,LPTIM1Freq_Value,LPTIM2Freq_Value,LPUART1Freq_Value,LSCOPinFreq_Value,LSIDIV_VALUE,LSI_VALUE,MCO1PinFreq_Value,MDF1Freq_Value,MSI_VALUE,OCTOSPIMFreq_Value,PLL2PoutputFreq_Value,PLL2QoutputFreq_Value,PLL2RoutputFreq_Value,PLL3PoutputFreq_Value,PLL3QoutputFreq_Value,PLL3RoutputFreq_Value,PLLN,PLLPoutputFreq_Value,PLLQoutputFreq_Value,PLLRCLKFreq_Value,RCC_MCO1SourceVirtual,RCC_MCODiv,RNGFreq_Value,RTCClockSelection,RTCFreq_Value,SAESFreq_Value,SAI1Freq_Value,SAI2Freq_Value,SDMMCFreq_Value,SPI1Freq_Value,SPI2Freq_Value,SPI3Freq_Value,SYSCLKFreq_VALUE,SYSCLKSource,UART4Freq_Value,UART5Freq_Value,USART1Freq_Value,USART2Freq_Value,USART3Freq_Value,USBFreq_Value,VCOInput2Freq_Value,VCOInput3Freq_Value,VCOInputFreq_Value,VCOOutputFreq_Value,VCOPLL2OutputFreq_Value,VCOPLL3OutputFreq_Value,WatchDogFreq_Value
RCC.LPTIM1CLockSelectionVirtual=RCC_LPTIM1CLKSOURCE_LSE
RCC.LPTIM1Freq_Value=32768
RCC.LPTIM2Freq_Value=160000000
RCC.LPUART1Freq_Value=160000000
RCC.LSCOPinFreq_Value=32000
RCC.LSIDIV_VALUE=32000
RCC.LSI_VALUE=32000
RCC.MCO1PinFreq_Value=24000000
RCC.MDF1Freq_Value=160000000
RCC.MSI_VALUE=4000000
RCC.OCTOSPIMFreq_Value=160000000
RCC.PLL2PoutputFreq_Value=258000000
RCC.PLL2QoutputFreq_Value=258000000
RCC.PLL2RoutputFreq_Value=258000000
RCC.PLL3PoutputFreq_Value=258000000
RCC.PLL3QoutputFreq_Value=258000000
RCC.PLL3RoutputFreq_Value=258000000
RCC.PLLN=80
RCC.PLLPoutputFreq_Value=160000000
RCC.PLLQoutputFreq_Value=160000000
RCC.PLLRCLKFreq_Value=160000000
RCC.RCC_MCO1SourceVirtual=RCC_MCO1SOURCE_HSI48
RCC.RCC_MCODiv=RCC_MCODIV_2
RCC.RNGFreq_Value=48000000
RCC.RTCClockSelection=RCC_RTCCLKSOURCE_LSE
RCC.RTCFreq_Value=32768
RCC.SAESFreq_Value=48000000
RCC.SAI1Freq_Value=258000000
RCC.SAI2Freq_Value=258000000
RCC.SDMMCFreq_Value=160000000
RCC.SPI1Freq_Value=160000000
RCC.SPI2Freq_Value=160000000
RCC.SPI3Freq_Value=160000000
RCC.SYSCLKFreq_VALUE=160000000
RCC.SYSCLKSource=RCC_SYSCLKSOURCE_PLLCLK
RCC.UART4Freq_Value=160000000
RCC.UART5Freq_Value=160000000
RCC.USART1Freq_Value=160000000
RCC.USART2Freq_Value=160000000
RCC.USART3Freq_Value=160000000
RCC.USBFreq_Value=48000000
RCC.VCOInput2Freq_Value=4000000
RCC.VCOInput3Freq_Value=4000000
RCC.VCOInputFreq_Value=4000000
RCC.VCOOutputFreq_Value=320000000
RCC.VCOPLL2OutputFreq_Value=516000000
RCC.VCOPLL3OutputFreq_Value=516000000
RCC.WatchDogFreq_Value=32000
SH.GPXTI0.0=GPIO_EXTI0
SH.GPXTI0.ConfNb=1
SH.GPXTI1.0=GPIO_EXTI1
SH.GPXTI1.ConfNb=1
SH.GPXTI5.0=GPIO_EXTI5
SH.GPXTI5.ConfNb=1
SH.S_TIM4_CH1.0=TIM4_CH1,PWM Generation1 CH1
SH.S_TIM4_CH1.ConfNb=1
SH.S_TIM4_CH2.0=TIM4_CH2,PWM Generation2 CH2
SH.S_TIM4_CH2.ConfNb=1
SH.S_TIM4_CH3.0=TIM4_CH3,PWM Generation3 CH3
SH.S_TIM4_CH3.ConfNb=1
SPI3.BaudRatePrescaler=SPI_BAUDRATEPRESCALER_256
SPI3.CLKPhase=SPI_PHASE_2EDGE
SPI3.CalculateBaudRate=625.0 KBits/s
SPI3.Direction=SPI_DIRECTION_2LINES
SPI3.IPParameters=VirtualType,Mode,Direction,CalculateBaudRate,BaudRatePrescaler,CLKPhase
SPI3.Mode=SPI_MODE_MASTER
SPI3.VirtualType=VM_MASTER
STMicroelectronics.X-CUBE-BLE2.3.3.0.BLE2_DEBUG=1
STMicroelectronics.X-CUBE-BLE2.3.3.0.BLUENRG2_DEBUG=1
STMicroelectronics.X-CUBE-BLE2.3.3.0.BSP.number=4
STMicroelectronics.X-CUBE-BLE2.3.3.0.BlueNRGAa2CcWirelessJjBlueNRGAa2JjController=true
STMicroelectronics.X-CUBE-BLE2.3.3.0.BlueNRGAa2CcWirelessJjBlueNRGAa2JjHCIIiTL=Basic
STMicroelectronics.X-CUBE-BLE2.3.3.0.BlueNRGAa2CcWirelessJjBlueNRGAa2JjHCIIiTLIiINTERFACE=UserBoard
STMicroelectronics.X-CUBE-BLE2.3.3.0.BlueNRGAa2CcWirelessJjBlueNRGAa2JjUtils=true
STMicroelectronics.X-CUBE-BLE2.3.3.0.IPParameters=BLE2_DEBUG,BLUENRG2_DEBUG,BlueNRGAa2CcWirelessJjBlueNRGAa2JjController,BlueNRGAa2CcWirelessJjBlueNRGAa2JjUtils,BlueNRGAa2CcWirelessJjBlueNRGAa2JjHCIIiTL,BlueNRGAa2CcWirelessJjBlueNRGAa2JjHCIIiTLIiINTERFACE
STMicroelectronics.X-CUBE-BLE2.3.3.0.WirelessJjBlueNRGAa2_Checked=true
STMicroelectronics.X-CUBE-BLE2.3.3.00.BSP.STBoard=false
STMicroelectronics.X-CUBE-BLE2.3.3.00.BSP.api=HAL_EXTI_DRIVER
STMicroelectronics.X-CUBE-BLE2.3.3.00.BSP.component=
STMicroelectronics.X-CUBE-BLE2.3.3.00.BSP.condition=SEMBlueNRGAa2CcWirelessJjBlueNRGAa2JjHCIIiTLIiINTERFACEJjUserBoard
STMicroelectronics.X-CUBE-BLE2.3.3.00.BSP.instance=PA1
STMicroelectronics.X-CUBE-BLE2.3.3.00.BSP.ip=GPIO
STMicroelectronics.X-CUBE-BLE2.3.3.00.BSP.mode=EXTI
STMicroelectronics.X-CUBE-BLE2.3.3.00.BSP.name=Exti Line
STMicroelectronics.X-CUBE-BLE2.3.3.00.BSP.semaphore=
STMicroelectronics.X-CUBE-BLE2.3.3.00.BSP.solution=PA1
STMicroelectronics.X-CUBE-BLE2.3.3.01.BSP.STBoard=false
STMicroelectronics.X-CUBE-BLE2.3.3.01.BSP.api=Unknown
STMicroelectronics.X-CUBE-BLE2.3.3.01.BSP.component=
STMicroelectronics.X-CUBE-BLE2.3.3.01.BSP.condition=SEMBlueNRGAa2CcWirelessJjBlueNRGAa2JjHCIIiTLIiINTERFACEJjUserBoard
STMicroelectronics.X-CUBE-BLE2.3.3.01.BSP.instance=PD2
STMicroelectronics.X-CUBE-BLE2.3.3.01.BSP.ip=GPIO
STMicroelectronics.X-CUBE-BLE2.3.3.01.BSP.mode=Output
STMicroelectronics.X-CUBE-BLE2.3.3.01.BSP.name=Reset Line
STMicroelectronics.X-CUBE-BLE2.3.3.01.BSP.semaphore=
STMicroelectronics.X-CUBE-BLE2.3.3.01.BSP.solution=PD2
STMicroelectronics.X-CUBE-BLE2.3.3.02.BSP.STBoard=false
STMicroelectronics.X-CUBE-BLE2.3.3.02.BSP.api=Unknown
STMicroelectronics.X-CUBE-BLE2.3.3.02.BSP.component=
STMicroelectronics.X-CUBE-BLE2.3.3.02.BSP.condition=SEMBlueNRGAa2CcWirelessJjBlueNRGAa2JjHCIIiTLIiINTERFACEJjUserBoard
STMicroelectronics.X-CUBE-BLE2.3.3.02.BSP.instance=PA15 (JTDI)
STMicroelectronics.X-CUBE-BLE2.3.3.02.BSP.ip=GPIO
STMicroelectronics.X-CUBE-BLE2.3.3.02.BSP.mode=Output
STMicroelectronics.X-CUBE-BLE2.3.3.02.BSP.name=CS Line
STMicroelectronics.X-CUBE-BLE2.3.3.02.BSP.semaphore=
STMicroelectronics.X-CUBE-BLE2.3.3.02.BSP.solution=PA15 (JTDI)
STMicroelectronics.X-CUBE-BLE2.3.3.03.BSP.STBoard=false
STMicroelectronics.X-CUBE-BLE2.3.3.03.BSP.api=BSP_BUS_DRIVER
STMicroelectronics.X-CUBE-BLE2.3.3.03.BSP.component=
STMicroelectronics.X-CUBE-BLE2.3.3.03.BSP.condition=SEMBlueNRGAa2CcWirelessJjBlueNRGAa2JjHCIIiTLIiINTERFACEJjUserBoard
STMicroelectronics.X-CUBE-BLE2.3.3.03.BSP.instance=SPI3
STMicroelectronics.X-CUBE-BLE2.3.3.03.BSP.ip=SPI
STMicroelectronics.X-CUBE-BLE2.3.3.03.BSP.mode=Full-Duplex Master
STMicroelectronics.X-CUBE-BLE2.3.3.03.BSP.name=BUS IO driver
STMicroelectronics.X-CUBE-BLE2.3.3.03.BSP.semaphore=
STMicroelectronics.X-CUBE-BLE2.3.3.03.BSP.solution=SPI3
STMicroelectronics.X-CUBE-BLE2.3.3.0_SwParameter=BlueNRGAa2CcWirelessJjBlueNRGAa2JjHCIIiTLIiINTERFACE\:UserBoard;BlueNRGAa2CcWirelessJjBlueNRGAa2JjUtils\:true;BlueNRGAa2CcWirelessJjBlueNRGAa2JjController\:true;BlueNRGAa2CcWirelessJjBlueNRGAa2JjHCIIiTL\:Basic;
STMicroelectronics.X-CUBE-FREERTOS.1.2.0.CMSISJjRTOS2_Checked=true
STMicroelectronics.X-CUBE-FREERTOS.1.2.0.IPParameters=configMINIMAL_STACK_SIZE,configTOTAL_HEAP_SIZE,configUSE_TICKLESS_IDLE,RTOS2CcCMSISJjRTOS2JjCore,RTOS2CcCMSISJjRTOS2JjHeap,configENABLE_FPU
STMicroelectronics.X-CUBE-FREERTOS.1.2.0.RTOS2CcCMSISJjRTOS2JjCore=TZIiNonIiSupported
STMicroelectronics.X-CUBE-FREERTOS.1.2.0.RTOS2CcCMSISJjRTOS2JjHeap=HeapIi4
STMicroelectronics.X-CUBE-FREERTOS.1.2.0.configENABLE_FPU=1
STMicroelectronics.X-CUBE-FREERTOS.1.2.0.configMINIMAL_STACK_SIZE=256
STMicroelectronics.X-CUBE-FREERTOS.1.2.0.configTOTAL_HEAP_SIZE=95*1024+44032+20480
STMicroelectronics.X-CUBE-FREERTOS.1.2.0.configUSE_TICKLESS_IDLE=0
STMicroelectronics.X-CUBE-FREERTOS.1.2.0_SwParameter=RTOS2CcCMSISJjRTOS2JjHeap\:HeapIi4;RTOS2CcCMSISJjRTOS2JjCore\:TZIiNonIiSupported;
TIM4.AutoReloadPreload=TIM_AUTORELOAD_PRELOAD_DISABLE
TIM4.Channel-PWM\ Generation1\ CH1=TIM_CHANNEL_1
TIM4.Channel-PWM\ Generation2\ CH2=TIM_CHANNEL_2
TIM4.Channel-PWM\ Generation3\ CH3=TIM_CHANNEL_3
TIM4.IPParameters=Channel-PWM Generation2 CH2,Channel-PWM Generation3 CH3,PeriodNoDither,PulseNoDither_2,PulseNoDither_3,Channel-PWM Generation1 CH1,Prescaler,AutoReloadPreload,PulseNoDither_1
TIM4.PeriodNoDither=1000
TIM4.Prescaler=160
TIM4.PulseNoDither_1=500
TIM4.PulseNoDither_2=250
TIM4.PulseNoDither_3=750
VP_GPDMA1_VS_GPDMACH12.Mode=LINKEDLIST_GPDMACH12
VP_GPDMA1_VS_GPDMACH12.Signal=GPDMA1_VS_GPDMACH12
VP_ICACHE_VS_ICACHE.Mode=DefaultMode
VP_ICACHE_VS_ICACHE.Signal=ICACHE_VS_ICACHE
VP_LPBAMQUEUE_VS_QUEUE.Mode=QUEUEMODE
VP_LPBAMQUEUE_VS_QUEUE.Signal=LPBAMQUEUE_VS_QUEUE
VP_LPBAM_VS_SIG1.Mode=SmartRun
VP_LPBAM_VS_SIG1.Signal=LPBAM_VS_SIG1
VP_LPBAM_VS_SIG4.Mode=LPDMA1
VP_LPBAM_VS_SIG4.Signal=LPBAM_VS_SIG4
VP_LPTIM1_VS_LPTIM_counterModeInternalClock.Mode=Counts__internal_clock_event_00
VP_LPTIM1_VS_LPTIM_counterModeInternalClock.Signal=LPTIM1_VS_LPTIM_counterModeInternalClock
VP_MEMORYMAP_VS_MEMORYMAP.Mode=CurAppReg
VP_MEMORYMAP_VS_MEMORYMAP.Signal=MEMORYMAP_VS_MEMORYMAP
VP_MorseMicro.MM_IoT_VS_MMIiIoTJjExample_2.6.4_1.5.0.Mode=MMIiIoTJjExample
VP_MorseMicro.MM_IoT_VS_MMIiIoTJjExample_2.6.4_1.5.0.Signal=MorseMicro.MM_IoT_VS_MMIiIoTJjExample_2.6.4_1.5.0
VP_MorseMicro.MM_IoT_VS_MMIiIoTJjMMIiIoT_2.6.4_1.5.0.Mode=MMIiIoTJjMMIiIoT
VP_MorseMicro.MM_IoT_VS_MMIiIoTJjMMIiIoT_2.6.4_1.5.0.Signal=MorseMicro.MM_IoT_VS_MMIiIoTJjMMIiIoT_2.6.4_1.5.0
VP_OCTOSPI1_VS_quad.Mode=quad_mode
VP_OCTOSPI1_VS_quad.Signal=OCTOSPI1_VS_quad
VP_PWR_VS_DBSignals.Mode=DisableDeadBatterySignals
VP_PWR_VS_DBSignals.Signal=PWR_VS_DBSignals
VP_PWR_VS_LPOM.Mode=PowerOptimisation
VP_PWR_VS_LPOM.Signal=PWR_VS_LPOM
VP_PWR_VS_SECSignals.Mode=Security/Privilege
VP_PWR_VS_SECSignals.Signal=PWR_VS_SECSignals
VP_PWR_Vdda.Mode=isolationVdda
VP_PWR_Vdda.Signal=PWR_Vdda
VP_RNG_VS_RNG.Mode=RNG_Activate
VP_RNG_VS_RNG.Signal=RNG_VS_RNG
VP_RTC_VS_RTC_Activate.Mode=RTC_Enabled
VP_RTC_VS_RTC_Activate.Signal=RTC_VS_RTC_Activate
VP_STMicroelectronics.X-CUBE-BLE2_VS_WirelessJjBlueNRGAa2_3.3.0.Mode=WirelessJjBlueNRGAa2
VP_STMicroelectronics.X-CUBE-BLE2_VS_WirelessJjBlueNRGAa2_3.3.0.Signal=STMicroelectronics.X-CUBE-BLE2_VS_WirelessJjBlueNRGAa2_3.3.0
VP_STMicroelectronics.X-CUBE-FREERTOS_VS_CMSISJjRTOS2_10.5.1_1.2.0.Mode=CMSISJjRTOS2
VP_STMicroelectronics.X-CUBE-FREERTOS_VS_CMSISJjRTOS2_10.5.1_1.2.0.Signal=STMicroelectronics.X-CUBE-FREERTOS_VS_CMSISJjRTOS2_10.5.1_1.2.0
VP_SYS_VS_tim1.Mode=TIM1
VP_SYS_VS_tim1.Signal=SYS_VS_tim1
board=custom
rtos.0.ip=STMicroelectronics.X-CUBE-FREERTOS.1.2.0
rtos.0.tasks.0=allocationType,Dynamic;bufferName,NULL;codeGen,Default;controlBlockName,NULL;entry,StartDefaultTask;name,defaultTask;parameter,NULL;priority,osPriorityNormal;stackSize,128
isbadioc=false
